dependencies:
  idf:
    source:
      type: idf
    version: 5.5.1
  lvgl/lvgl:
    component_hash: 2a8f619b5c2b1c7ad116c33d43dae8989c76739068f406a7e8ba9221e1085f17
    dependencies: []
    source:
      registry_url: https://components.espressif.com/
      type: service
    version: 9.1.0
direct_dependencies:
- idf
- lvgl/lvgl
manifest_hash: 6ed5e9c5cffabd1c2952303cd6041a3b6124025d09cbb544684200040c2767c7
target: esp32
version: 2.0.0
